
Microsoft Visual Studio Solution File, Format Version 12.00
# Visual Studio Version 17
VisualStudioVersion = 17.5.33530.505
MinimumVisualStudioVersion = 10.0.40219.1
Project("{FAE04EC0-301F-11D3-BF4B-00C04F79EFBC}") = "UdpClient", "UdpClient\UdpClient.csproj", "{C8E5D387-F436-442F-967B-8724EDEA693F}"
EndProject
Global
	GlobalSection(SolutionConfigurationPlatforms) = preSolution
		Debug|Any CPU = Debug|Any CPU
		Release|Any CPU = Release|Any CPU
	EndGlobalSection
	GlobalSection(ProjectConfigurationPlatforms) = postSolution
		{C8E5D387-F436-442F-967B-8724EDEA693F}.Debug|Any CPU.ActiveCfg = Debug|Any CPU
		{C8E5D387-F436-442F-967B-8724EDEA693F}.Debug|Any CPU.Build.0 = Debug|Any CPU
		{C8E5D387-F436-442F-967B-8724EDEA693F}.Release|Any CPU.ActiveCfg = Release|Any CPU
		{C8E5D387-F436-442F-967B-8724EDEA693F}.Release|Any CPU.Build.0 = Release|Any CPU
	EndGlobalSection
	GlobalSection(SolutionProperties) = preSolution
		HideSolutionNode = FALSE
	EndGlobalSection
	GlobalSection(ExtensibilityGlobals) = postSolution
		SolutionGuid = {EF8DE7CA-9008-4123-ADF3-3B2EB418C49D}
	EndGlobalSection
EndGlobal
